
Microsoft Visual Studio Solution File, Format Version 12.00
# Visual Studio Version 16
VisualStudioVersion = 16.0.30717.126
MinimumVisualStudioVersion = 10.0.40219.1
Project("{8BC9CEB8-8B4A-11D0-8D11-00A0C91BC942}") = "Ascension", "Ascension.vcxproj", "{D8824708-29F2-4BA0-8B9A-4A9FADB78F53}"
EndProject
Global
	GlobalSection(SolutionConfigurationPlatforms) = preSolution
		Debug|x64 = Debug|x64
		Debug|x86 = Debug|x86
		Release|x64 = Release|x64
		Release|x86 = Release|x86
	EndGlobalSection
	GlobalSection(ProjectConfigurationPlatforms) = postSolution
		{D8824708-29F2-4BA0-8B9A-4A9FADB78F53}.Debug|x64.ActiveCfg = Debug|x64
		{D8824708-29F2-4BA0-8B9A-4A9FADB78F53}.Debug|x64.Build.0 = Debug|x64
		{D8824708-29F2-4BA0-8B9A-4A9FADB78F53}.Debug|x86.ActiveCfg = Debug|Win32
		{D8824708-29F2-4BA0-8B9A-4A9FADB78F53}.Debug|x86.Build.0 = Debug|Win32
		{D8824708-29F2-4BA0-8B9A-4A9FADB78F53}.Release|x64.ActiveCfg = Release|x64
		{D8824708-29F2-4BA0-8B9A-4A9FADB78F53}.Release|x64.Build.0 = Release|x64
		{D8824708-29F2-4BA0-8B9A-4A9FADB78F53}.Release|x86.ActiveCfg = Release|Win32
		{D8824708-29F2-4BA0-8B9A-4A9FADB78F53}.Release|x86.Build.0 = Release|Win32
	EndGlobalSection
	GlobalSection(SolutionProperties) = preSolution
		HideSolutionNode = FALSE
	EndGlobalSection
	GlobalSection(ExtensibilityGlobals) = postSolution
		SolutionGuid = {657D71BF-D819-458B-907E-3F27913A59C5}
	EndGlobalSection
EndGlobal
